Microsoft Visual Studio Solution File, Format Version 12.00
# Visual Studio Version 17
VisualStudioVersion = 17.0.31903.59
MinimumVisualStudioVersion = 10.0.40219.1
Project("{FAE04EC0-301F-11D3-BF4B-00C04F79EFBC}") = "MiniCrm.Api", "MiniCrm.Api\MiniCrm.Api.csproj", "{21F87EFA-5E67-4BBE-99A8-9B3A8A1F2D01}"
EndProject
Project("{FAE04EC0-301F-11D3-BF4B-00C04F79EFBC}") = "MiniCrm.Application", "MiniCrm.Application\MiniCrm.Application.csproj", "{21F87EFA-5E67-4BBE-99A8-9B3A8A1F2D02}"
EndProject
Project("{FAE04EC0-301F-11D3-BF4B-00C04F79EFBC}") = "MiniCrm.Domain", "MiniCrm.Domain\MiniCrm.Domain.csproj", "{21F87EFA-5E67-4BBE-99A8-9B3A8A1F2D03}"
EndProject
Project("{FAE04EC0-301F-11D3-BF4B-00C04F79EFBC}") = "MiniCrm.Data", "MiniCrm.Data\MiniCrm.Data.csproj", "{21F87EFA-5E67-4BBE-99A8-9B3A8A1F2D04}"
EndProject
Global
	GlobalSection(SolutionConfigurationPlatforms) = preSolution
		Debug|Any CPU = Debug|Any CPU
		Release|Any CPU = Release|Any CPU
	EndGlobalSection
	GlobalSection(ProjectConfigurationPlatforms) = postSolution
		{21F87EFA-5E67-4BBE-99A8-9B3A8A1F2D01}.Debug|Any CPU.ActiveCfg = Debug|Any CPU
		{21F87EFA-5E67-4BBE-99A8-9B3A8A1F2D01}.Debug|Any CPU.Build.0 = Debug|Any CPU
		{21F87EFA-5E67-4BBE-99A8-9B3A8A1F2D01}.Release|Any CPU.ActiveCfg = Release|Any CPU
		{21F87EFA-5E67-4BBE-99A8-9B3A8A1F2D01}.Release|Any CPU.Build.0 = Release|Any CPU
		{21F87EFA-5E67-4BBE-99A8-9B3A8A1F2D02}.Debug|Any CPU.ActiveCfg = Debug|Any CPU
		{21F87EFA-5E67-4BBE-99A8-9B3A8A1F2D02}.Debug|Any CPU.Build.0 = Debug|Any CPU
		{21F87EFA-5E67-4BBE-99A8-9B3A8A1F2D02}.Release|Any CPU.ActiveCfg = Release|Any CPU
		{21F87EFA-5E67-4BBE-99A8-9B3A8A1F2D02}.Release|Any CPU.Build.0 = Release|Any CPU
		{21F87EFA-5E67-4BBE-99A8-9B3A8A1F2D03}.Debug|Any CPU.ActiveCfg = Debug|Any CPU
		{21F87EFA-5E67-4BBE-99A8-9B3A8A1F2D03}.Debug|Any CPU.Build.0 = Debug|Any CPU
		{21F87EFA-5E67-4BBE-99A8-9B3A8A1F2D03}.Release|Any CPU.ActiveCfg = Release|Any CPU
		{21F87EFA-5E67-4BBE-99A8-9B3A8A1F2D03}.Release|Any CPU.Build.0 = Release|Any CPU
		{21F87EFA-5E67-4BBE-99A8-9B3A8A1F2D04}.Debug|Any CPU.ActiveCfg = Debug|Any CPU
		{21F87EFA-5E67-4BBE-99A8-9B3A8A1F2D04}.Debug|Any CPU.Build.0 = Debug|Any CPU
		{21F87EFA-5E67-4BBE-99A8-9B3A8A1F2D04}.Release|Any CPU.ActiveCfg = Release|Any CPU
		{21F87EFA-5E67-4BBE-99A8-9B3A8A1F2D04}.Release|Any CPU.Build.0 = Release|Any CPU
	EndGlobalSection
	GlobalSection(SolutionProperties) = preSolution
		HideSolutionNode = FALSE
	EndGlobalSection
EndGlobal
